// !$*UTF8*$!
{
	archiveVersion = 1;
	classes = {
	};
	objectVersion = 46;
	objects = {

/* Begin PBXBuildFile section */
		DA582646195E65FC008CF4F1 /* Foundation.framework in Frameworks */ = {isa = PBXBuildFile; fileRef = DA582645195E65FC008CF4F1 /* Foundation.framework */; };
		DA582655195E6682008CF4F1 /* main.m in Sources */ = {isa = PBXBuildFile; fileRef = DA582653195E6682008CF4F1 /* main.m */; };
		DA582660195E6D0A008CF4F1 /* XCTest.framework in Frameworks */ = {isa = PBXBuildFile; fileRef = DA58265F195E6D0A008CF4F1 /* XCTest.framework */; };
		DA582671195E7A89008CF4F1 /* DMTemplateTests.m in Sources */ = {isa = PBXBuildFile; fileRef = DA582670195E7A89008CF4F1 /* DMTemplateTests.m */; };
		DA582677195E7ABF008CF4F1 /* InfoPlist.strings in Resources */ = {isa = PBXBuildFile; fileRef = DA582675195E7ABF008CF4F1 /* InfoPlist.strings */; };
		DA58267A195E7B70008CF4F1 /* DMTemplateEngine.m in Sources */ = {isa = PBXBuildFile; fileRef = DA582679195E7B70008CF4F1 /* DMTemplateEngine.m */; settings = {COMPILER_FLAGS = "-fno-objc-arc"; }; };
		DA58267B195E7B70008CF4F1 /* DMTemplateEngine.m in Sources */ = {isa = PBXBuildFile; fileRef = DA582679195E7B70008CF4F1 /* DMTemplateEngine.m */; settings = {COMPILER_FLAGS = "-fno-objc-arc"; }; };
/* End PBXBuildFile section */

/* Begin PBXContainerItemProxy section */
		DA58266A195E6D0A008CF4F1 /* PBXContainerItemProxy */ = {
			isa = PBXContainerItemProxy;
			containerPortal = DA58263A195E65FC008CF4F1 /* Project object */;
			proxyType = 1;
			remoteGlobalIDString = DA582641195E65FC008CF4F1;
			remoteInfo = DMTemplates;
		};
/* End PBXContainerItemProxy section */

/* Begin PBXCopyFilesBuildPhase section */
		DA582640195E65FC008CF4F1 /* CopyFiles */ = {
			isa = PBXCopyFilesBuildPhase;
			buildActionMask = 2147483647;
			dstPath = /usr/share/man/man1/;
			dstSubfolderSpec = 0;
			files = (
			);
			runOnlyForDeploymentPostprocessing = 1;
		};
/* End PBXCopyFilesBuildPhase section */

/* Begin PBXFileReference section */
		DA582642195E65FC008CF4F1 /* dmtemplates */ = {isa = PBXFileReference; explicitFileType = "compiled.mach-o.executable"; includeInIndex = 0; path = dmtemplates; sourceTree = BUILT_PRODUCTS_DIR; };
		DA582645195E65FC008CF4F1 /* Foundation.framework */ = {isa = PBXFileReference; lastKnownFileType = wrapper.framework; name = Foundation.framework; path = System/Library/Frameworks/Foundation.framework; sourceTree = SDKROOT; };
		DA582653195E6682008CF4F1 /* main.m */ = {isa = PBXFileReference; fileEncoding = 4; lastKnownFileType = sourcecode.c.objc; name = main.m; path = Source/main.m; sourceTree = "<group>"; };
		DA582659195E66D7008CF4F1 /* Prefix.pch */ = {isa = PBXFileReference; fileEncoding = 4; lastKnownFileType = sourcecode.c.h; name = Prefix.pch; path = ../../Code/DMTemplates/Source/Prefix.pch; sourceTree = "<group>"; };
		DA58265E195E6D0A008CF4F1 /* Tests.xctest */ = {isa = PBXFileReference; explicitFileType = wrapper.cfbundle; includeInIndex = 0; path = Tests.xctest; sourceTree = BUILT_PRODUCTS_DIR; };
		DA58265F195E6D0A008CF4F1 /* XCTest.framework */ = {isa = PBXFileReference; lastKnownFileType = wrapper.framework; name = XCTest.framework; path = Library/Frameworks/XCTest.framework; sourceTree = DEVELOPER_DIR; };
		DA582670195E7A89008CF4F1 /* DMTemplateTests.m */ = {isa = PBXFileReference; fileEncoding = 4; lastKnownFileType = sourcecode.c.objc; name = DMTemplateTests.m; path = Tests/DMTemplateTests.m; sourceTree = SOURCE_ROOT; };
		DA582672195E7A93008CF4F1 /* Info.plist */ = {isa = PBXFileReference; fileEncoding = 4; lastKnownFileType = text.plist.xml; name = Info.plist; path = Tests/Info.plist; sourceTree = SOURCE_ROOT; };
		DA582674195E7AA0008CF4F1 /* Prefix.pch */ = {isa = PBXFileReference; fileEncoding = 4; lastKnownFileType = sourcecode.c.h; name = Prefix.pch; path = Tests/Prefix.pch; sourceTree = SOURCE_ROOT; };
		DA582676195E7ABF008CF4F1 /* en */ = {isa = PBXFileReference; lastKnownFileType = text.plist.strings; name = en; path = Tests/en.lproj/InfoPlist.strings; sourceTree = SOURCE_ROOT; };
		DA582678195E7B6F008CF4F1 /* DMTemplateEngine.h */ = {isa = PBXFileReference; fileEncoding = 4; lastKnownFileType = sourcecode.c.h; path = DMTemplateEngine.h; sourceTree = "<group>"; };
		DA582679195E7B70008CF4F1 /* DMTemplateEngine.m */ = {isa = PBXFileReference; fileEncoding = 4; lastKnownFileType = sourcecode.c.objc; path = DMTemplateEngine.m; sourceTree = "<group>"; };
		DA582683195E9AAB008CF4F1 /* ExampleData.plist */ = {isa = PBXFileReference; lastKnownFileType = text.plist.xml; path = ExampleData.plist; sourceTree = "<group>"; };
		DA582684195E9AAB008CF4F1 /* ExampleTemplate.txt */ = {isa = PBXFileReference; lastKnownFileType = text; path = ExampleTemplate.txt; sourceTree = "<group>"; };
/* End PBXFileReference section */

/* Begin PBXFrameworksBuildPhase section */
		DA58263F195E65FC008CF4F1 /* Frameworks */ = {
			isa = PBXFrameworksBuildPhase;
			buildActionMask = 2147483647;
			files = (
				DA582646195E65FC008CF4F1 /* Foundation.framework in Frameworks */,
			);
			runOnlyForDeploymentPostprocessing = 0;
		};
		DA58265B195E6D0A008CF4F1 /* Frameworks */ = {
			isa = PBXFrameworksBuildPhase;
			buildActionMask = 2147483647;
			files = (
				DA582660195E6D0A008CF4F1 /* XCTest.framework in Frameworks */,
			);
			runOnlyForDeploymentPostprocessing = 0;
		};
/* End PBXFrameworksBuildPhase section */

/* Begin PBXGroup section */
		DA582639195E65FC008CF4F1 = {
			isa = PBXGroup;
			children = (
				DA582659195E66D7008CF4F1 /* Prefix.pch */,
				DA582653195E6682008CF4F1 /* main.m */,
				DA58267C195E7BA4008CF4F1 /* Library */,
				DA582682195E9AAB008CF4F1 /* Example */,
				DA582661195E6D0A008CF4F1 /* Tests */,
				DA582644195E65FC008CF4F1 /* Frameworks */,
				DA582643195E65FC008CF4F1 /* Products */,
			);
			sourceTree = "<group>";
		};
		DA582643195E65FC008CF4F1 /* Products */ = {
			isa = PBXGroup;
			children = (
				DA582642195E65FC008CF4F1 /* dmtemplates */,
				DA58265E195E6D0A008CF4F1 /* Tests.xctest */,
			);
			name = Products;
			sourceTree = "<group>";
		};
		DA582644195E65FC008CF4F1 /* Frameworks */ = {
			isa = PBXGroup;
			children = (
				DA582645195E65FC008CF4F1 /* Foundation.framework */,
				DA58265F195E6D0A008CF4F1 /* XCTest.framework */,
			);
			name = Frameworks;
			sourceTree = "<group>";
		};
		DA582661195E6D0A008CF4F1 /* Tests */ = {
			isa = PBXGroup;
			children = (
				DA582674195E7AA0008CF4F1 /* Prefix.pch */,
				DA582670195E7A89008CF4F1 /* DMTemplateTests.m */,
				DA582675195E7ABF008CF4F1 /* InfoPlist.strings */,
				DA582672195E7A93008CF4F1 /* Info.plist */,
			);
			name = Tests;
			path = "DMTemplates Tests";
			sourceTree = "<group>";
		};
		DA58267C195E7BA4008CF4F1 /* Library */ = {
			isa = PBXGroup;
			children = (
				DA582678195E7B6F008CF4F1 /* DMTemplateEngine.h */,
				DA582679195E7B70008CF4F1 /* DMTemplateEngine.m */,
			);
			name = Library;
			sourceTree = "<group>";
		};
		DA582682195E9AAB008CF4F1 /* Example */ = {
			isa = PBXGroup;
			children = (
				DA582683195E9AAB008CF4F1 /* ExampleData.plist */,
				DA582684195E9AAB008CF4F1 /* ExampleTemplate.txt */,
			);
			path = Example;
			sourceTree = "<group>";
		};
/* End PBXGroup section */

/* Begin PBXNativeTarget section */
		DA582641195E65FC008CF4F1 /* DMTemplates */ = {
			isa = PBXNativeTarget;
			buildConfigurationList = DA582650195E65FC008CF4F1 /* Build configuration list for PBXNativeTarget "DMTemplates" */;
			buildPhases = (
				DA58263E195E65FC008CF4F1 /* Sources */,
				DA58263F195E65FC008CF4F1 /* Frameworks */,
				DA582640195E65FC008CF4F1 /* CopyFiles */,
			);
			buildRules = (
			);
			dependencies = (
			);
			name = DMTemplates;
			productName = DMTemplates;
			productReference = DA582642195E65FC008CF4F1 /* dmtemplates */;
			productType = "com.apple.product-type.tool";
		};
		DA58265D195E6D0A008CF4F1 /* Tests */ = {
			isa = PBXNativeTarget;
			buildConfigurationList = DA58266C195E6D0A008CF4F1 /* Build configuration list for PBXNativeTarget "Tests" */;
			buildPhases = (
				DA58265A195E6D0A008CF4F1 /* Sources */,
				DA58265B195E6D0A008CF4F1 /* Frameworks */,
				DA58265C195E6D0A008CF4F1 /* Resources */,
			);
			buildRules = (
			);
			dependencies = (
				DA58266B195E6D0A008CF4F1 /* PBXTargetDependency */,
			);
			name = Tests;
			productName = "DMTemplates Tests";
			productReference = DA58265E195E6D0A008CF4F1 /* Tests.xctest */;
			productType = "com.apple.product-type.bundle.unit-test";
		};
/* End PBXNativeTarget section */

/* Begin PBXProject section */
		DA58263A195E65FC008CF4F1 /* Project object */ = {
			isa = PBXProject;
			attributes = {
				LastUpgradeCheck = 0510;
				ORGANIZATIONNAME = "Turncolor, Inc.";
				TargetAttributes = {
					DA58265D195E6D0A008CF4F1 = {
						TestTargetID = DA582641195E65FC008CF4F1;
					};
				};
			};
			buildConfigurationList = DA58263D195E65FC008CF4F1 /* Build configuration list for PBXProject "DMTemplates" */;
			compatibilityVersion = "Xcode 3.2";
			developmentRegion = English;
			hasScannedForEncodings = 0;
			knownRegions = (
				en,
			);
			mainGroup = DA582639195E65FC008CF4F1;
			productRefGroup = DA582643195E65FC008CF4F1 /* Products */;
			projectDirPath = "";
			projectRoot = "";
			targets = (
				DA582641195E65FC008CF4F1 /* DMTemplates */,
				DA58265D195E6D0A008CF4F1 /* Tests */,
			);
		};
/* End PBXProject section */

/* Begin PBXResourcesBuildPhase section */
		DA58265C195E6D0A008CF4F1 /* Resources */ = {
			isa = PBXResourcesBuildPhase;
			buildActionMask = 2147483647;
			files = (
				DA582677195E7ABF008CF4F1 /* InfoPlist.strings in Resources */,
			);
			runOnlyForDeploymentPostprocessing = 0;
		};
/* End PBXResourcesBuildPhase section */

/* Begin PBXSourcesBuildPhase section */
		DA58263E195E65FC008CF4F1 /* Sources */ = {
			isa = PBXSourcesBuildPhase;
			buildActionMask = 2147483647;
			files = (
				DA58267A195E7B70008CF4F1 /* DMTemplateEngine.m in Sources */,
				DA582655195E6682008CF4F1 /* main.m in Sources */,
			);
			runOnlyForDeploymentPostprocessing = 0;
		};
		DA58265A195E6D0A008CF4F1 /* Sources */ = {
			isa = PBXSourcesBuildPhase;
			buildActionMask = 2147483647;
			files = (
				DA58267B195E7B70008CF4F1 /* DMTemplateEngine.m in Sources */,
				DA582671195E7A89008CF4F1 /* DMTemplateTests.m in Sources */,
			);
			runOnlyForDeploymentPostprocessing = 0;
		};
/* End PBXSourcesBuildPhase section */

/* Begin PBXTargetDependency section */
		DA58266B195E6D0A008CF4F1 /* PBXTargetDependency */ = {
			isa = PBXTargetDependency;
			target = DA582641195E65FC008CF4F1 /* DMTemplates */;
			targetProxy = DA58266A195E6D0A008CF4F1 /* PBXContainerItemProxy */;
		};
/* End PBXTargetDependency section */

/* Begin PBXVariantGroup section */
		DA582675195E7ABF008CF4F1 /* InfoPlist.strings */ = {
			isa = PBXVariantGroup;
			children = (
				DA582676195E7ABF008CF4F1 /* en */,
			);
			name = InfoPlist.strings;
			sourceTree = "<group>";
		};
/* End PBXVariantGroup section */

/* Begin XCBuildConfiguration section */
		DA58264E195E65FC008CF4F1 /* Debug */ = {
			isa = XCBuildConfiguration;
			buildSettings = {
				ALWAYS_SEARCH_USER_PATHS = NO;
				CLANG_CXX_LANGUAGE_STANDARD = "gnu++0x";
				CLANG_CXX_LIBRARY = "libc++";
				CLANG_ENABLE_MODULES = YES;
				CLANG_ENABLE_OBJC_ARC = YES;
				CLANG_WARN_BOOL_CONVERSION = YES;
				CLANG_WARN_CONSTANT_CONVERSION = YES;
				CLANG_WARN_DIRECT_OBJC_ISA_USAGE = YES_ERROR;
				CLANG_WARN_EMPTY_BODY = YES;
				CLANG_WARN_ENUM_CONVERSION = YES;
				CLANG_WARN_INT_CONVERSION = YES;
				CLANG_WARN_OBJC_ROOT_CLASS = YES_ERROR;
				CLANG_WARN__DUPLICATE_METHOD_MATCH = YES;
				COPY_PHASE_STRIP = NO;
				GCC_C_LANGUAGE_STANDARD = gnu99;
				GCC_DYNAMIC_NO_PIC = NO;
				GCC_ENABLE_OBJC_EXCEPTIONS = YES;
				GCC_OPTIMIZATION_LEVEL = 0;
				GCC_PREPROCESSOR_DEFINITIONS = (
					"DEBUG=1",
					"$(inherited)",
				);
				GCC_SYMBOLS_PRIVATE_EXTERN = NO;
				GCC_WARN_64_TO_32_BIT_CONVERSION = YES;
				GCC_WARN_ABOUT_RETURN_TYPE = YES_ERROR;
				GCC_WARN_UNDECLARED_SELECTOR = YES;
				GCC_WARN_UNINITIALIZED_AUTOS = YES_AGGRESSIVE;
				GCC_WARN_UNUSED_FUNCTION = YES;
				GCC_WARN_UNUSED_VARIABLE = YES;
				MACOSX_DEPLOYMENT_TARGET = 10.9;
				ONLY_ACTIVE_ARCH = YES;
				SDKROOT = macosx;
			};
			name = Debug;
		};
		DA58264F195E65FC008CF4F1 /* Release */ = {
			isa = XCBuildConfiguration;
			buildSettings = {
				ALWAYS_SEARCH_USER_PATHS = NO;
				CLANG_CXX_LANGUAGE_STANDARD = "gnu++0x";
				CLANG_CXX_LIBRARY = "libc++";
				CLANG_ENABLE_MODULES = YES;
				CLANG_ENABLE_OBJC_ARC = YES;
				CLANG_WARN_BOOL_CONVERSION = YES;
				CLANG_WARN_CONSTANT_CONVERSION = YES;
				CLANG_WARN_DIRECT_OBJC_ISA_USAGE = YES_ERROR;
				CLANG_WARN_EMPTY_BODY = YES;
				CLANG_WARN_ENUM_CONVERSION = YES;
				CLANG_WARN_INT_CONVERSION = YES;
				CLANG_WARN_OBJC_ROOT_CLASS = YES_ERROR;
				CLANG_WARN__DUPLICATE_METHOD_MATCH = YES;
				COPY_PHASE_STRIP = YES;
				DEBUG_INFORMATION_FORMAT = "dwarf-with-dsym";
				ENABLE_NS_ASSERTIONS = NO;
				GCC_C_LANGUAGE_STANDARD = gnu99;
				GCC_ENABLE_OBJC_EXCEPTIONS = YES;
				GCC_WARN_64_TO_32_BIT_CONVERSION = YES;
				GCC_WARN_ABOUT_RETURN_TYPE = YES_ERROR;
				GCC_WARN_UNDECLARED_SELECTOR = YES;
				GCC_WARN_UNINITIALIZED_AUTOS = YES_AGGRESSIVE;
				GCC_WARN_UNUSED_FUNCTION = YES;
				GCC_WARN_UNUSED_VARIABLE = YES;
				MACOSX_DEPLOYMENT_TARGET = 10.9;
				SDKROOT = macosx;
			};
			name = Release;
		};
		DA582651195E65FC008CF4F1 /* Debug */ = {
			isa = XCBuildConfiguration;
			buildSettings = {
				GCC_PRECOMPILE_PREFIX_HEADER = YES;
				GCC_PREFIX_HEADER = Source/Prefix.pch;
				PRODUCT_NAME = dmtemplates;
			};
			name = Debug;
		};
		DA582652195E65FC008CF4F1 /* Release */ = {
			isa = XCBuildConfiguration;
			buildSettings = {
				GCC_PRECOMPILE_PREFIX_HEADER = YES;
				GCC_PREFIX_HEADER = Source/Prefix.pch;
				PRODUCT_NAME = dmtemplates;
			};
			name = Release;
		};
		DA58266D195E6D0A008CF4F1 /* Debug */ = {
			isa = XCBuildConfiguration;
			buildSettings = {
				FRAMEWORK_SEARCH_PATHS = (
					"$(DEVELOPER_FRAMEWORKS_DIR)",
					"$(inherited)",
				);
				GCC_PRECOMPILE_PREFIX_HEADER = YES;
				GCC_PREFIX_HEADER = Tests/Prefix.pch;
				GCC_PREPROCESSOR_DEFINITIONS = (
					"DEBUG=1",
					"$(inherited)",
				);
				INFOPLIST_FILE = Tests/Info.plist;
				PRODUCT_NAME = "$(TARGET_NAME)";
				WRAPPER_EXTENSION = xctest;
			};
			name = Debug;
		};
		DA58266E195E6D0A008CF4F1 /* Release */ = {
			isa = XCBuildConfiguration;
			buildSettings = {
				FRAMEWORK_SEARCH_PATHS = (
					"$(DEVELOPER_FRAMEWORKS_DIR)",
					"$(inherited)",
				);
				GCC_PRECOMPILE_PREFIX_HEADER = YES;
				GCC_PREFIX_HEADER = Tests/Prefix.pch;
				INFOPLIST_FILE = Tests/Info.plist;
				PRODUCT_NAME = "$(TARGET_NAME)";
				WRAPPER_EXTENSION = xctest;
			};
			name = Release;
		};
/* End XCBuildConfiguration section */

/* Begin XCConfigurationList section */
		DA58263D195E65FC008CF4F1 /* Build configuration list for PBXProject "DMTemplates" */ = {
			isa = XCConfigurationList;
			buildConfigurations = (
				DA58264E195E65FC008CF4F1 /* Debug */,
				DA58264F195E65FC008CF4F1 /* Release */,
			);
			defaultConfigurationIsVisible = 0;
			defaultConfigurationName = Release;
		};
		DA582650195E65FC008CF4F1 /* Build configuration list for PBXNativeTarget "DMTemplates" */ = {
			isa = XCConfigurationList;
			buildConfigurations = (
				DA582651195E65FC008CF4F1 /* Debug */,
				DA582652195E65FC008CF4F1 /* Release */,
			);
			defaultConfigurationIsVisible = 0;
		};
		DA58266C195E6D0A008CF4F1 /* Build configuration list for PBXNativeTarget "Tests" */ = {
			isa = XCConfigurationList;
			buildConfigurations = (
				DA58266D195E6D0A008CF4F1 /* Debug */,
				DA58266E195E6D0A008CF4F1 /* Release */,
			);
			defaultConfigurationIsVisible = 0;
		};
/* End XCConfigurationList section */
	};
	rootObject = DA58263A195E65FC008CF4F1 /* Project object */;
}
